# THIS IS AN AUTOGENERATED FILE. DO NOT EDIT THIS FILE DIRECTLY.
# yarn lockfile v1


bootstrap@^3.3.6:
  version "3.3.7"
  resolved "https://registry.yarnpkg.com/bootstrap/-/bootstrap-3.3.7.tgz#5a389394549f23330875a3b150656574f8a9eb71"

fl-assert@^1.0.0:
  version "1.0.10"
  resolved "https://registry.yarnpkg.com/fl-assert/-/fl-assert-1.0.10.tgz#d52b222a5fd4f4df09aa695507376cd21d60ca8f"

"fl-form-builder@https://github.com/fourlabsldn/fl-form-builder.git":
  version "1.2.0"
  resolved "https://github.com/fourlabsldn/fl-form-builder.git#c8aac308e642be7a26ca2087bcaa78fa70600a8d"
  dependencies:
    bootstrap "^3.3.6"
    x-div "^1.0.44"

x-div@^1.0.44:
  version "1.0.44"
  resolved "https://registry.yarnpkg.com/x-div/-/x-div-1.0.44.tgz#b1c4e55a6e241bb652fc2473ca3a9422e3908d57"
  dependencies:
    fl-assert "^1.0.0"
